// !$*UTF8*$!
{
	archiveVersion = 1;
	classes = {
	};
	objectVersion = 77;
	objects = {

/* Begin PBXBuildFile section */
		4D0F3C118D98D9E9127FD527 /* MenuBarView.swift in Sources */ = {isa = PBXBuildFile; fileRef = 18132A4F337086A4EAF35C52 /* MenuBarView.swift */; };
		526CDF1F468A3610F5E1A08F /* ClipboardHistorySmokeTests.swift in Sources */ = {isa = PBXBuildFile; fileRef = F2B55E512F6E53C76A4E34F8 /* ClipboardHistorySmokeTests.swift */; };
		5B22A4472DB4412BB1A60101 /* ClipboardSelectionController.swift in Sources */ = {isa = PBXBuildFile; fileRef = 5B22A4472DB4412BB1A60100 /* ClipboardSelectionController.swift */; };
		5B22A4472DB4412BB1A60103 /* ClipboardSelectionControllerTests.swift in Sources */ = {isa = PBXBuildFile; fileRef = 5B22A4472DB4412BB1A60102 /* ClipboardSelectionControllerTests.swift */; };
		5B22A4472DB4412BB1A60105 /* SettingsWindowPresenter.swift in Sources */ = {isa = PBXBuildFile; fileRef = 5B22A4472DB4412BB1A60104 /* SettingsWindowPresenter.swift */; };
		6E4C1A0F2B3D4E5F60718291 /* ClipboardMonitor.swift in Sources */ = {isa = PBXBuildFile; fileRef = 6E4C1A0F2B3D4E5F60718292 /* ClipboardMonitor.swift */; };
		6E4C1A0F2B3D4E5F60718294 /* ClipboardMonitorTests.swift in Sources */ = {isa = PBXBuildFile; fileRef = 6E4C1A0F2B3D4E5F60718293 /* ClipboardMonitorTests.swift */; };
		6A4A1E7D7F834F3D907A1F22 /* AppSettings.swift in Sources */ = {isa = PBXBuildFile; fileRef = 47BD1C4373414A48A4071CB7 /* AppSettings.swift */; };
		727B8E81225C4F5A9FBB3701 /* PasteService.swift in Sources */ = {isa = PBXBuildFile; fileRef = 727B8E81225C4F5A9FBB3700 /* PasteService.swift */; };
		727B8E81225C4F5A9FBB3703 /* ShortcutService.swift in Sources */ = {isa = PBXBuildFile; fileRef = 727B8E81225C4F5A9FBB3702 /* ShortcutService.swift */; };
		73AB902C459F4B2F9D88A101 /* ShortcutServiceTests.swift in Sources */ = {isa = PBXBuildFile; fileRef = 73AB902C459F4B2F9D88A100 /* ShortcutServiceTests.swift */; };
		74294E60A13F4FD4AA940901 /* ClipboardPopupView.swift in Sources */ = {isa = PBXBuildFile; fileRef = 74294E60A13F4FD4AA940900 /* ClipboardPopupView.swift */; };
		74294E60A13F4FD4AA940903 /* ClipboardRowView.swift in Sources */ = {isa = PBXBuildFile; fileRef = 74294E60A13F4FD4AA940902 /* ClipboardRowView.swift */; };
		74294E60A13F4FD4AA940905 /* SettingsViewModel.swift in Sources */ = {isa = PBXBuildFile; fileRef = 74294E60A13F4FD4AA940904 /* SettingsViewModel.swift */; };
		74294E60A13F4FD4AA940907 /* ShortcutRecorderView.swift in Sources */ = {isa = PBXBuildFile; fileRef = 74294E60A13F4FD4AA940906 /* ShortcutRecorderView.swift */; };
		76E03D29C38B4AA08F9F1101 /* SettingsViewModelTests.swift in Sources */ = {isa = PBXBuildFile; fileRef = 76E03D29C38B4AA08F9F1100 /* SettingsViewModelTests.swift */; };
		79F0B401D0A747D9B0D08A01 /* RetentionCleaner.swift in Sources */ = {isa = PBXBuildFile; fileRef = 79F0B401D0A747D9B0D08A00 /* RetentionCleaner.swift */; };
		79F0B401D0A747D9B0D08A03 /* ClipboardHistoryViewModel.swift in Sources */ = {isa = PBXBuildFile; fileRef = 79F0B401D0A747D9B0D08A02 /* ClipboardHistoryViewModel.swift */; };
		79F0B401D0A747D9B0D08A05 /* RetentionCleanerTests.swift in Sources */ = {isa = PBXBuildFile; fileRef = 79F0B401D0A747D9B0D08A04 /* RetentionCleanerTests.swift */; };
		79F0B401D0A747D9B0D08A07 /* ClipboardHistoryViewModelTests.swift in Sources */ = {isa = PBXBuildFile; fileRef = 79F0B401D0A747D9B0D08A06 /* ClipboardHistoryViewModelTests.swift */; };
		8BB0EA48158B4A8B9B2D6400 /* SearchWindowPresenter.swift in Sources */ = {isa = PBXBuildFile; fileRef = 8BB0EA48158B4A8B9B2D63FF /* SearchWindowPresenter.swift */; };
		7F91D6A3C4B5482B9A102345 /* LoginItemService.swift in Sources */ = {isa = PBXBuildFile; fileRef = 7F91D6A3C4B5482B9A102344 /* LoginItemService.swift */; };
		8D31E4740482E3F516A419D6 /* SettingsView.swift in Sources */ = {isa = PBXBuildFile; fileRef = 290423EEB60818D1FEAF9F19 /* SettingsView.swift */; };
		A2750EEA1EE54BC7A65B0A45 /* ClipboardItemTests.swift in Sources */ = {isa = PBXBuildFile; fileRef = 2DA4806B9E8D4D3F90D0DB1C /* ClipboardItemTests.swift */; };
		A7E319D89A6C4E24AB0D7001 /* PasteServiceTests.swift in Sources */ = {isa = PBXBuildFile; fileRef = A7E319D89A6C4E24AB0D7000 /* PasteServiceTests.swift */; };
		B47A2C9E0F18464CB0A3D106 /* ClipboardStore.swift in Sources */ = {isa = PBXBuildFile; fileRef = B47A2C9E0F18464CB0A3D101 /* ClipboardStore.swift */; };
		B47A2C9E0F18464CB0A3D107 /* DatabaseMigrator.swift in Sources */ = {isa = PBXBuildFile; fileRef = B47A2C9E0F18464CB0A3D102 /* DatabaseMigrator.swift */; };
		B47A2C9E0F18464CB0A3D108 /* SQLiteClipboardStore.swift in Sources */ = {isa = PBXBuildFile; fileRef = B47A2C9E0F18464CB0A3D103 /* SQLiteClipboardStore.swift */; };
		B47A2C9E0F18464CB0A3D109 /* ClipboardStoreTests.swift in Sources */ = {isa = PBXBuildFile; fileRef = B47A2C9E0F18464CB0A3D104 /* ClipboardStoreTests.swift */; };
		C1EB97E29398415498C109E5 /* ClipboardItem.swift in Sources */ = {isa = PBXBuildFile; fileRef = F7D4879B034A4BB8AF59AF38 /* ClipboardItem.swift */; };
		D41A7B7C55964FE8849F3A01 /* ImageStorage.swift in Sources */ = {isa = PBXBuildFile; fileRef = D41A7B7C55964FE8849F3A00 /* ImageStorage.swift */; };
		D41A7B7C55964FE8849F3A03 /* ImageStorageTests.swift in Sources */ = {isa = PBXBuildFile; fileRef = D41A7B7C55964FE8849F3A02 /* ImageStorageTests.swift */; };
		E89840E65E2DE2EB936E63A6 /* ClipboardHistoryApp.swift in Sources */ = {isa = PBXBuildFile; fileRef = 53AF7D8DA531E0C01DEEDF37 /* ClipboardHistoryApp.swift */; };
		F33518FBCD1935A1C776528C /* AppEnvironment.swift in Sources */ = {isa = PBXBuildFile; fileRef = DF6487DEAC15726584A5AD54 /* AppEnvironment.swift */; };
/* End PBXBuildFile section */

/* Begin PBXContainerItemProxy section */
		12DD86345E9024DEBD676911 /* PBXContainerItemProxy */ = {
			isa = PBXContainerItemProxy;
			containerPortal = 38BA5C6BE7CFD6054B393BDE /* Project object */;
			proxyType = 1;
			remoteGlobalIDString = CDEA1CD494D347301FD5BAA8;
			remoteInfo = ClipboardHistory;
		};
/* End PBXContainerItemProxy section */

/* Begin PBXFileReference section */
		18132A4F337086A4EAF35C52 /* MenuBarView.swift */ = {isa = PBXFileReference; lastKnownFileType = sourcecode.swift; path = MenuBarView.swift; sourceTree = "<group>"; };
		2DA4806B9E8D4D3F90D0DB1C /* ClipboardItemTests.swift */ = {isa = PBXFileReference; lastKnownFileType = sourcecode.swift; path = ClipboardItemTests.swift; sourceTree = "<group>"; };
		290423EEB60818D1FEAF9F19 /* SettingsView.swift */ = {isa = PBXFileReference; lastKnownFileType = sourcecode.swift; path = SettingsView.swift; sourceTree = "<group>"; };
		47BD1C4373414A48A4071CB7 /* AppSettings.swift */ = {isa = PBXFileReference; lastKnownFileType = sourcecode.swift; path = AppSettings.swift; sourceTree = "<group>"; };
		53AF7D8DA531E0C01DEEDF37 /* ClipboardHistoryApp.swift */ = {isa = PBXFileReference; lastKnownFileType = sourcecode.swift; path = ClipboardHistoryApp.swift; sourceTree = "<group>"; };
		5B22A4472DB4412BB1A60100 /* ClipboardSelectionController.swift */ = {isa = PBXFileReference; lastKnownFileType = sourcecode.swift; path = ClipboardSelectionController.swift; sourceTree = "<group>"; };
		5B22A4472DB4412BB1A60102 /* ClipboardSelectionControllerTests.swift */ = {isa = PBXFileReference; lastKnownFileType = sourcecode.swift; path = ClipboardSelectionControllerTests.swift; sourceTree = "<group>"; };
		5B22A4472DB4412BB1A60104 /* SettingsWindowPresenter.swift */ = {isa = PBXFileReference; lastKnownFileType = sourcecode.swift; path = SettingsWindowPresenter.swift; sourceTree = "<group>"; };
		6E4C1A0F2B3D4E5F60718292 /* ClipboardMonitor.swift */ = {isa = PBXFileReference; lastKnownFileType = sourcecode.swift; path = ClipboardMonitor.swift; sourceTree = "<group>"; };
		6E4C1A0F2B3D4E5F60718293 /* ClipboardMonitorTests.swift */ = {isa = PBXFileReference; lastKnownFileType = sourcecode.swift; path = ClipboardMonitorTests.swift; sourceTree = "<group>"; };
		727B8E81225C4F5A9FBB3700 /* PasteService.swift */ = {isa = PBXFileReference; lastKnownFileType = sourcecode.swift; path = PasteService.swift; sourceTree = "<group>"; };
		727B8E81225C4F5A9FBB3702 /* ShortcutService.swift */ = {isa = PBXFileReference; lastKnownFileType = sourcecode.swift; path = ShortcutService.swift; sourceTree = "<group>"; };
		73AB902C459F4B2F9D88A100 /* ShortcutServiceTests.swift */ = {isa = PBXFileReference; lastKnownFileType = sourcecode.swift; path = ShortcutServiceTests.swift; sourceTree = "<group>"; };
		74294E60A13F4FD4AA940900 /* ClipboardPopupView.swift */ = {isa = PBXFileReference; lastKnownFileType = sourcecode.swift; path = ClipboardPopupView.swift; sourceTree = "<group>"; };
		74294E60A13F4FD4AA940902 /* ClipboardRowView.swift */ = {isa = PBXFileReference; lastKnownFileType = sourcecode.swift; path = ClipboardRowView.swift; sourceTree = "<group>"; };
		74294E60A13F4FD4AA940904 /* SettingsViewModel.swift */ = {isa = PBXFileReference; lastKnownFileType = sourcecode.swift; path = SettingsViewModel.swift; sourceTree = "<group>"; };
		74294E60A13F4FD4AA940906 /* ShortcutRecorderView.swift */ = {isa = PBXFileReference; lastKnownFileType = sourcecode.swift; path = ShortcutRecorderView.swift; sourceTree = "<group>"; };
		76E03D29C38B4AA08F9F1100 /* SettingsViewModelTests.swift */ = {isa = PBXFileReference; lastKnownFileType = sourcecode.swift; path = SettingsViewModelTests.swift; sourceTree = "<group>"; };
		79F0B401D0A747D9B0D08A00 /* RetentionCleaner.swift */ = {isa = PBXFileReference; lastKnownFileType = sourcecode.swift; path = RetentionCleaner.swift; sourceTree = "<group>"; };
		79F0B401D0A747D9B0D08A02 /* ClipboardHistoryViewModel.swift */ = {isa = PBXFileReference; lastKnownFileType = sourcecode.swift; path = ClipboardHistoryViewModel.swift; sourceTree = "<group>"; };
		79F0B401D0A747D9B0D08A04 /* RetentionCleanerTests.swift */ = {isa = PBXFileReference; lastKnownFileType = sourcecode.swift; path = RetentionCleanerTests.swift; sourceTree = "<group>"; };
		79F0B401D0A747D9B0D08A06 /* ClipboardHistoryViewModelTests.swift */ = {isa = PBXFileReference; lastKnownFileType = sourcecode.swift; path = ClipboardHistoryViewModelTests.swift; sourceTree = "<group>"; };
		8BB0EA48158B4A8B9B2D63FF /* SearchWindowPresenter.swift */ = {isa = PBXFileReference; lastKnownFileType = sourcecode.swift; path = SearchWindowPresenter.swift; sourceTree = "<group>"; };
		7F91D6A3C4B5482B9A102344 /* LoginItemService.swift */ = {isa = PBXFileReference; lastKnownFileType = sourcecode.swift; path = LoginItemService.swift; sourceTree = "<group>"; };
		84043D57EB257CEC7C2DD1EF /* Info.plist */ = {isa = PBXFileReference; lastKnownFileType = text.plist; path = Info.plist; sourceTree = "<group>"; };
		8A172EDDA8A5FF1218E03D5D /* ClipboardHistoryTests.xctest */ = {isa = PBXFileReference; explicitFileType = wrapper.cfbundle; includeInIndex = 0; path = ClipboardHistoryTests.xctest; sourceTree = BUILT_PRODUCTS_DIR; };
		A7E319D89A6C4E24AB0D7000 /* PasteServiceTests.swift */ = {isa = PBXFileReference; lastKnownFileType = sourcecode.swift; path = PasteServiceTests.swift; sourceTree = "<group>"; };
		B47A2C9E0F18464CB0A3D101 /* ClipboardStore.swift */ = {isa = PBXFileReference; lastKnownFileType = sourcecode.swift; path = ClipboardStore.swift; sourceTree = "<group>"; };
		B47A2C9E0F18464CB0A3D102 /* DatabaseMigrator.swift */ = {isa = PBXFileReference; lastKnownFileType = sourcecode.swift; path = DatabaseMigrator.swift; sourceTree = "<group>"; };
		B47A2C9E0F18464CB0A3D103 /* SQLiteClipboardStore.swift */ = {isa = PBXFileReference; lastKnownFileType = sourcecode.swift; path = SQLiteClipboardStore.swift; sourceTree = "<group>"; };
		B47A2C9E0F18464CB0A3D104 /* ClipboardStoreTests.swift */ = {isa = PBXFileReference; lastKnownFileType = sourcecode.swift; path = ClipboardStoreTests.swift; sourceTree = "<group>"; };
		D41A7B7C55964FE8849F3A00 /* ImageStorage.swift */ = {isa = PBXFileReference; lastKnownFileType = sourcecode.swift; path = ImageStorage.swift; sourceTree = "<group>"; };
		D41A7B7C55964FE8849F3A02 /* ImageStorageTests.swift */ = {isa = PBXFileReference; lastKnownFileType = sourcecode.swift; path = ImageStorageTests.swift; sourceTree = "<group>"; };
		DF6487DEAC15726584A5AD54 /* AppEnvironment.swift */ = {isa = PBXFileReference; lastKnownFileType = sourcecode.swift; path = AppEnvironment.swift; sourceTree = "<group>"; };
		EB5C8C954589F3C82BF890E3 /* ClipboardHistory.app */ = {isa = PBXFileReference; explicitFileType = wrapper.application; includeInIndex = 0; path = ClipboardHistory.app; sourceTree = BUILT_PRODUCTS_DIR; };
		F2B55E512F6E53C76A4E34F8 /* ClipboardHistorySmokeTests.swift */ = {isa = PBXFileReference; lastKnownFileType = sourcecode.swift; path = ClipboardHistorySmokeTests.swift; sourceTree = "<group>"; };
		F7D4879B034A4BB8AF59AF38 /* ClipboardItem.swift */ = {isa = PBXFileReference; lastKnownFileType = sourcecode.swift; path = ClipboardItem.swift; sourceTree = "<group>"; };
/* End PBXFileReference section */

/* Begin PBXGroup section */
		032E4A8A3A77CF1EA3792C78 /* ClipboardHistory */ = {
			isa = PBXGroup;
			children = (
				84043D57EB257CEC7C2DD1EF /* Info.plist */,
				AA238A47415DF1ECBA0A8C23 /* App */,
				C3576F982E6745D388780F2F /* Models */,
				B47A2C9E0F18464CB0A3D105 /* Persistence */,
				D41A7B7C55964FE8849F3A04 /* Services */,
				79F0B401D0A747D9B0D08A08 /* ViewModels */,
				7EA9ED289286CE10FB4465F2 /* Views */,
			);
			path = ClipboardHistory;
			sourceTree = "<group>";
		};
		7EA9ED289286CE10FB4465F2 /* Views */ = {
			isa = PBXGroup;
			children = (
				74294E60A13F4FD4AA940900 /* ClipboardPopupView.swift */,
				74294E60A13F4FD4AA940902 /* ClipboardRowView.swift */,
				18132A4F337086A4EAF35C52 /* MenuBarView.swift */,
				290423EEB60818D1FEAF9F19 /* SettingsView.swift */,
				74294E60A13F4FD4AA940906 /* ShortcutRecorderView.swift */,
			);
			path = Views;
			sourceTree = "<group>";
		};
		A16F39638B02A1EDA655E409 /* ClipboardHistoryTests */ = {
			isa = PBXGroup;
			children = (
				F2B55E512F6E53C76A4E34F8 /* ClipboardHistorySmokeTests.swift */,
				2DA4806B9E8D4D3F90D0DB1C /* ClipboardItemTests.swift */,
				5B22A4472DB4412BB1A60102 /* ClipboardSelectionControllerTests.swift */,
				B47A2C9E0F18464CB0A3D104 /* ClipboardStoreTests.swift */,
				79F0B401D0A747D9B0D08A06 /* ClipboardHistoryViewModelTests.swift */,
				6E4C1A0F2B3D4E5F60718293 /* ClipboardMonitorTests.swift */,
				D41A7B7C55964FE8849F3A02 /* ImageStorageTests.swift */,
				A7E319D89A6C4E24AB0D7000 /* PasteServiceTests.swift */,
				79F0B401D0A747D9B0D08A04 /* RetentionCleanerTests.swift */,
				76E03D29C38B4AA08F9F1100 /* SettingsViewModelTests.swift */,
				73AB902C459F4B2F9D88A100 /* ShortcutServiceTests.swift */,
			);
			path = ClipboardHistoryTests;
			sourceTree = "<group>";
		};
		AA238A47415DF1ECBA0A8C23 /* App */ = {
			isa = PBXGroup;
			children = (
				DF6487DEAC15726584A5AD54 /* AppEnvironment.swift */,
				53AF7D8DA531E0C01DEEDF37 /* ClipboardHistoryApp.swift */,
				8BB0EA48158B4A8B9B2D63FF /* SearchWindowPresenter.swift */,
				5B22A4472DB4412BB1A60104 /* SettingsWindowPresenter.swift */,
			);
			path = App;
			sourceTree = "<group>";
		};
		C3576F982E6745D388780F2F /* Models */ = {
			isa = PBXGroup;
			children = (
				47BD1C4373414A48A4071CB7 /* AppSettings.swift */,
				F7D4879B034A4BB8AF59AF38 /* ClipboardItem.swift */,
			);
			path = Models;
			sourceTree = "<group>";
		};
		B47A2C9E0F18464CB0A3D105 /* Persistence */ = {
			isa = PBXGroup;
			children = (
				B47A2C9E0F18464CB0A3D101 /* ClipboardStore.swift */,
				B47A2C9E0F18464CB0A3D102 /* DatabaseMigrator.swift */,
				B47A2C9E0F18464CB0A3D103 /* SQLiteClipboardStore.swift */,
			);
			path = Persistence;
			sourceTree = "<group>";
		};
		D41A7B7C55964FE8849F3A04 /* Services */ = {
			isa = PBXGroup;
			children = (
				6E4C1A0F2B3D4E5F60718292 /* ClipboardMonitor.swift */,
				D41A7B7C55964FE8849F3A00 /* ImageStorage.swift */,
				7F91D6A3C4B5482B9A102344 /* LoginItemService.swift */,
				727B8E81225C4F5A9FBB3700 /* PasteService.swift */,
				79F0B401D0A747D9B0D08A00 /* RetentionCleaner.swift */,
				727B8E81225C4F5A9FBB3702 /* ShortcutService.swift */,
			);
			path = Services;
			sourceTree = "<group>";
		};
		79F0B401D0A747D9B0D08A08 /* ViewModels */ = {
			isa = PBXGroup;
			children = (
				79F0B401D0A747D9B0D08A02 /* ClipboardHistoryViewModel.swift */,
				5B22A4472DB4412BB1A60100 /* ClipboardSelectionController.swift */,
				74294E60A13F4FD4AA940904 /* SettingsViewModel.swift */,
			);
			path = ViewModels;
			sourceTree = "<group>";
		};
		B8219C9FC936AF0DA456563F = {
			isa = PBXGroup;
			children = (
				032E4A8A3A77CF1EA3792C78 /* ClipboardHistory */,
				A16F39638B02A1EDA655E409 /* ClipboardHistoryTests */,
				E36AF6C3B6026AC36B975889 /* Products */,
			);
			sourceTree = "<group>";
		};
		E36AF6C3B6026AC36B975889 /* Products */ = {
			isa = PBXGroup;
			children = (
				EB5C8C954589F3C82BF890E3 /* ClipboardHistory.app */,
				8A172EDDA8A5FF1218E03D5D /* ClipboardHistoryTests.xctest */,
			);
			name = Products;
			sourceTree = "<group>";
		};
/* End PBXGroup section */

/* Begin PBXNativeTarget section */
		976F1026CE2E5CB67A59E753 /* ClipboardHistoryTests */ = {
			isa = PBXNativeTarget;
			buildConfigurationList = B678EA86E510B5416BFFD9A7 /* Build configuration list for PBXNativeTarget "ClipboardHistoryTests" */;
			buildPhases = (
				39C3B148549DE9062F0ED7EC /* Sources */,
			);
			buildRules = (
			);
			dependencies = (
				7BE111188E35E88CFEA54B4F /* PBXTargetDependency */,
			);
			name = ClipboardHistoryTests;
			packageProductDependencies = (
			);
			productName = ClipboardHistoryTests;
			productReference = 8A172EDDA8A5FF1218E03D5D /* ClipboardHistoryTests.xctest */;
			productType = "com.apple.product-type.bundle.unit-test";
		};
		CDEA1CD494D347301FD5BAA8 /* ClipboardHistory */ = {
			isa = PBXNativeTarget;
			buildConfigurationList = FF54D814B1669207EC95381A /* Build configuration list for PBXNativeTarget "ClipboardHistory" */;
			buildPhases = (
				C9B45C77B027A619E70BCA92 /* Sources */,
			);
			buildRules = (
			);
			dependencies = (
			);
			name = ClipboardHistory;
			packageProductDependencies = (
			);
			productName = ClipboardHistory;
			productReference = EB5C8C954589F3C82BF890E3 /* ClipboardHistory.app */;
			productType = "com.apple.product-type.application";
		};
/* End PBXNativeTarget section */

/* Begin PBXProject section */
		38BA5C6BE7CFD6054B393BDE /* Project object */ = {
			isa = PBXProject;
			attributes = {
				BuildIndependentTargetsInParallel = YES;
				LastUpgradeCheck = 1430;
				TargetAttributes = {
				};
			};
			buildConfigurationList = 89EFCD6C2A9E62E7926E01C2 /* Build configuration list for PBXProject "ClipboardHistory" */;
			developmentRegion = en;
			hasScannedForEncodings = 0;
			knownRegions = (
				Base,
				en,
			);
			mainGroup = B8219C9FC936AF0DA456563F;
			minimizedProjectReferenceProxies = 1;
			preferredProjectObjectVersion = 77;
			productRefGroup = E36AF6C3B6026AC36B975889 /* Products */;
			projectDirPath = "";
			projectRoot = "";
			targets = (
				CDEA1CD494D347301FD5BAA8 /* ClipboardHistory */,
				976F1026CE2E5CB67A59E753 /* ClipboardHistoryTests */,
			);
		};
/* End PBXProject section */

/* Begin PBXSourcesBuildPhase section */
		39C3B148549DE9062F0ED7EC /* Sources */ = {
			isa = PBXSourcesBuildPhase;
			buildActionMask = 2147483647;
			files = (
				526CDF1F468A3610F5E1A08F /* ClipboardHistorySmokeTests.swift in Sources */,
				A2750EEA1EE54BC7A65B0A45 /* ClipboardItemTests.swift in Sources */,
				5B22A4472DB4412BB1A60103 /* ClipboardSelectionControllerTests.swift in Sources */,
				B47A2C9E0F18464CB0A3D109 /* ClipboardStoreTests.swift in Sources */,
				79F0B401D0A747D9B0D08A07 /* ClipboardHistoryViewModelTests.swift in Sources */,
				6E4C1A0F2B3D4E5F60718294 /* ClipboardMonitorTests.swift in Sources */,
				D41A7B7C55964FE8849F3A03 /* ImageStorageTests.swift in Sources */,
				A7E319D89A6C4E24AB0D7001 /* PasteServiceTests.swift in Sources */,
				79F0B401D0A747D9B0D08A05 /* RetentionCleanerTests.swift in Sources */,
				76E03D29C38B4AA08F9F1101 /* SettingsViewModelTests.swift in Sources */,
				73AB902C459F4B2F9D88A101 /* ShortcutServiceTests.swift in Sources */,
			);
			runOnlyForDeploymentPostprocessing = 0;
		};
		C9B45C77B027A619E70BCA92 /* Sources */ = {
			isa = PBXSourcesBuildPhase;
			buildActionMask = 2147483647;
			files = (
				F33518FBCD1935A1C776528C /* AppEnvironment.swift in Sources */,
				6A4A1E7D7F834F3D907A1F22 /* AppSettings.swift in Sources */,
				E89840E65E2DE2EB936E63A6 /* ClipboardHistoryApp.swift in Sources */,
				C1EB97E29398415498C109E5 /* ClipboardItem.swift in Sources */,
				B47A2C9E0F18464CB0A3D106 /* ClipboardStore.swift in Sources */,
				B47A2C9E0F18464CB0A3D107 /* DatabaseMigrator.swift in Sources */,
				B47A2C9E0F18464CB0A3D108 /* SQLiteClipboardStore.swift in Sources */,
				6E4C1A0F2B3D4E5F60718291 /* ClipboardMonitor.swift in Sources */,
				D41A7B7C55964FE8849F3A01 /* ImageStorage.swift in Sources */,
				7F91D6A3C4B5482B9A102345 /* LoginItemService.swift in Sources */,
				727B8E81225C4F5A9FBB3701 /* PasteService.swift in Sources */,
				79F0B401D0A747D9B0D08A03 /* ClipboardHistoryViewModel.swift in Sources */,
				5B22A4472DB4412BB1A60101 /* ClipboardSelectionController.swift in Sources */,
				8BB0EA48158B4A8B9B2D6400 /* SearchWindowPresenter.swift in Sources */,
				5B22A4472DB4412BB1A60105 /* SettingsWindowPresenter.swift in Sources */,
				74294E60A13F4FD4AA940905 /* SettingsViewModel.swift in Sources */,
				79F0B401D0A747D9B0D08A01 /* RetentionCleaner.swift in Sources */,
				727B8E81225C4F5A9FBB3703 /* ShortcutService.swift in Sources */,
				74294E60A13F4FD4AA940903 /* ClipboardRowView.swift in Sources */,
				74294E60A13F4FD4AA940901 /* ClipboardPopupView.swift in Sources */,
				4D0F3C118D98D9E9127FD527 /* MenuBarView.swift in Sources */,
				8D31E4740482E3F516A419D6 /* SettingsView.swift in Sources */,
				74294E60A13F4FD4AA940907 /* ShortcutRecorderView.swift in Sources */,
			);
			runOnlyForDeploymentPostprocessing = 0;
		};
/* End PBXSourcesBuildPhase section */

/* Begin PBXTargetDependency section */
		7BE111188E35E88CFEA54B4F /* PBXTargetDependency */ = {
			isa = PBXTargetDependency;
			target = CDEA1CD494D347301FD5BAA8 /* ClipboardHistory */;
			targetProxy = 12DD86345E9024DEBD676911 /* PBXContainerItemProxy */;
		};
/* End PBXTargetDependency section */

/* Begin XCBuildConfiguration section */
		42B8F8D112790E18D2995B41 /* Release */ = {
			isa = XCBuildConfiguration;
			buildSettings = {
				ALWAYS_SEARCH_USER_PATHS = NO;
				CLANG_ANALYZER_NONNULL = YES;
				CLANG_ANALYZER_NUMBER_OBJECT_CONVERSION = YES_AGGRESSIVE;
				CLANG_CXX_LANGUAGE_STANDARD = "gnu++14";
				CLANG_CXX_LIBRARY = "libc++";
				CLANG_ENABLE_MODULES = YES;
				CLANG_ENABLE_OBJC_ARC = YES;
				CLANG_ENABLE_OBJC_WEAK = YES;
				CLANG_WARN_BLOCK_CAPTURE_AUTORELEASING = YES;
				CLANG_WARN_BOOL_CONVERSION = YES;
				CLANG_WARN_COMMA = YES;
				CLANG_WARN_CONSTANT_CONVERSION = YES;
				CLANG_WARN_DEPRECATED_OBJC_IMPLEMENTATIONS = YES;
				CLANG_WARN_DIRECT_OBJC_ISA_USAGE = YES_ERROR;
				CLANG_WARN_DOCUMENTATION_COMMENTS = YES;
				CLANG_WARN_EMPTY_BODY = YES;
				CLANG_WARN_ENUM_CONVERSION = YES;
				CLANG_WARN_INFINITE_RECURSION = YES;
				CLANG_WARN_INT_CONVERSION = YES;
				CLANG_WARN_NON_LITERAL_NULL_CONVERSION = YES;
				CLANG_WARN_OBJC_IMPLICIT_RETAIN_SELF = YES;
				CLANG_WARN_OBJC_LITERAL_CONVERSION = YES;
				CLANG_WARN_OBJC_ROOT_CLASS = YES_ERROR;
				CLANG_WARN_QUOTED_INCLUDE_IN_FRAMEWORK_HEADER = YES;
				CLANG_WARN_RANGE_LOOP_ANALYSIS = YES;
				CLANG_WARN_STRICT_PROTOTYPES = YES;
				CLANG_WARN_SUSPICIOUS_MOVE = YES;
				CLANG_WARN_UNGUARDED_AVAILABILITY = YES_AGGRESSIVE;
				CLANG_WARN_UNREACHABLE_CODE = YES;
				CLANG_WARN__DUPLICATE_METHOD_MATCH = YES;
				COPY_PHASE_STRIP = NO;
				DEBUG_INFORMATION_FORMAT = "dwarf-with-dsym";
				ENABLE_NS_ASSERTIONS = NO;
				ENABLE_STRICT_OBJC_MSGSEND = YES;
				GCC_C_LANGUAGE_STANDARD = gnu11;
				GCC_NO_COMMON_BLOCKS = YES;
				GCC_WARN_64_TO_32_BIT_CONVERSION = YES;
				GCC_WARN_ABOUT_RETURN_TYPE = YES_ERROR;
				GCC_WARN_UNDECLARED_SELECTOR = YES;
				GCC_WARN_UNINITIALIZED_AUTOS = YES_AGGRESSIVE;
				GCC_WARN_UNUSED_FUNCTION = YES;
				GCC_WARN_UNUSED_VARIABLE = YES;
				MACOSX_DEPLOYMENT_TARGET = 14.0;
				MTL_ENABLE_DEBUG_INFO = NO;
				MTL_FAST_MATH = YES;
				PRODUCT_NAME = "$(TARGET_NAME)";
				SDKROOT = macosx;
				SWIFT_COMPILATION_MODE = wholemodule;
				SWIFT_OPTIMIZATION_LEVEL = "-O";
				SWIFT_VERSION = 5.0;
			};
			name = Release;
		};
		4469A8D2F98B43F583D9E8A7 /* Debug */ = {
			isa = XCBuildConfiguration;
			buildSettings = {
				ASSETCATALOG_COMPILER_APPICON_NAME = AppIcon;
				COMBINE_HIDPI_IMAGES = YES;
				INFOPLIST_FILE = ClipboardHistory/Info.plist;
				INFOPLIST_KEY_LSUIElement = YES;
				INFOPLIST_KEY_NSHumanReadableCopyright = "";
				LD_RUNPATH_SEARCH_PATHS = (
					"$(inherited)",
					"@executable_path/../Frameworks",
				);
				MARKETING_VERSION = 0.2.0;
				CURRENT_PROJECT_VERSION = 1;
				PRODUCT_BUNDLE_IDENTIFIER = com.hubin.ClipboardAssistant;
				PRODUCT_MODULE_NAME = ClipboardHistory;
				PRODUCT_NAME = "剪贴板助手";
				SDKROOT = macosx;
			};
			name = Debug;
		};
		578670C6DABFF5E74B71A1E7 /* Release */ = {
			isa = XCBuildConfiguration;
			buildSettings = {
				BUNDLE_LOADER = "$(TEST_HOST)";
				COMBINE_HIDPI_IMAGES = YES;
				GENERATE_INFOPLIST_FILE = YES;
				LD_RUNPATH_SEARCH_PATHS = (
					"$(inherited)",
					"@executable_path/../Frameworks",
					"@loader_path/../Frameworks",
				);
				PRODUCT_BUNDLE_IDENTIFIER = com.local.ClipboardHistoryTests;
				SDKROOT = macosx;
				TEST_HOST = "$(BUILT_PRODUCTS_DIR)/剪贴板助手.app/Contents/MacOS/剪贴板助手";
			};
			name = Release;
		};
		5851C2D865E122ED490AFD80 /* Release */ = {
			isa = XCBuildConfiguration;
			buildSettings = {
				ASSETCATALOG_COMPILER_APPICON_NAME = AppIcon;
				COMBINE_HIDPI_IMAGES = YES;
				INFOPLIST_FILE = ClipboardHistory/Info.plist;
				INFOPLIST_KEY_LSUIElement = YES;
				INFOPLIST_KEY_NSHumanReadableCopyright = "";
				LD_RUNPATH_SEARCH_PATHS = (
					"$(inherited)",
					"@executable_path/../Frameworks",
				);
				MARKETING_VERSION = 0.2.0;
				CURRENT_PROJECT_VERSION = 1;
				PRODUCT_BUNDLE_IDENTIFIER = com.hubin.ClipboardAssistant;
				PRODUCT_MODULE_NAME = ClipboardHistory;
				PRODUCT_NAME = "剪贴板助手";
				SDKROOT = macosx;
			};
			name = Release;
		};
		6F786E5A47FA41E84757F065 /* Debug */ = {
			isa = XCBuildConfiguration;
			buildSettings = {
				BUNDLE_LOADER = "$(TEST_HOST)";
				COMBINE_HIDPI_IMAGES = YES;
				GENERATE_INFOPLIST_FILE = YES;
				LD_RUNPATH_SEARCH_PATHS = (
					"$(inherited)",
					"@executable_path/../Frameworks",
					"@loader_path/../Frameworks",
				);
				PRODUCT_BUNDLE_IDENTIFIER = com.local.ClipboardHistoryTests;
				SDKROOT = macosx;
				TEST_HOST = "$(BUILT_PRODUCTS_DIR)/剪贴板助手.app/Contents/MacOS/剪贴板助手";
			};
			name = Debug;
		};
		EA334DFCBF95CBABFFAAADFB /* Debug */ = {
			isa = XCBuildConfiguration;
			buildSettings = {
				ALWAYS_SEARCH_USER_PATHS = NO;
				CLANG_ANALYZER_NONNULL = YES;
				CLANG_ANALYZER_NUMBER_OBJECT_CONVERSION = YES_AGGRESSIVE;
				CLANG_CXX_LANGUAGE_STANDARD = "gnu++14";
				CLANG_CXX_LIBRARY = "libc++";
				CLANG_ENABLE_MODULES = YES;
				CLANG_ENABLE_OBJC_ARC = YES;
				CLANG_ENABLE_OBJC_WEAK = YES;
				CLANG_WARN_BLOCK_CAPTURE_AUTORELEASING = YES;
				CLANG_WARN_BOOL_CONVERSION = YES;
				CLANG_WARN_COMMA = YES;
				CLANG_WARN_CONSTANT_CONVERSION = YES;
				CLANG_WARN_DEPRECATED_OBJC_IMPLEMENTATIONS = YES;
				CLANG_WARN_DIRECT_OBJC_ISA_USAGE = YES_ERROR;
				CLANG_WARN_DOCUMENTATION_COMMENTS = YES;
				CLANG_WARN_EMPTY_BODY = YES;
				CLANG_WARN_ENUM_CONVERSION = YES;
				CLANG_WARN_INFINITE_RECURSION = YES;
				CLANG_WARN_INT_CONVERSION = YES;
				CLANG_WARN_NON_LITERAL_NULL_CONVERSION = YES;
				CLANG_WARN_OBJC_IMPLICIT_RETAIN_SELF = YES;
				CLANG_WARN_OBJC_LITERAL_CONVERSION = YES;
				CLANG_WARN_OBJC_ROOT_CLASS = YES_ERROR;
				CLANG_WARN_QUOTED_INCLUDE_IN_FRAMEWORK_HEADER = YES;
				CLANG_WARN_RANGE_LOOP_ANALYSIS = YES;
				CLANG_WARN_STRICT_PROTOTYPES = YES;
				CLANG_WARN_SUSPICIOUS_MOVE = YES;
				CLANG_WARN_UNGUARDED_AVAILABILITY = YES_AGGRESSIVE;
				CLANG_WARN_UNREACHABLE_CODE = YES;
				CLANG_WARN__DUPLICATE_METHOD_MATCH = YES;
				COPY_PHASE_STRIP = NO;
				DEBUG_INFORMATION_FORMAT = dwarf;
				ENABLE_STRICT_OBJC_MSGSEND = YES;
				ENABLE_TESTABILITY = YES;
				GCC_C_LANGUAGE_STANDARD = gnu11;
				GCC_DYNAMIC_NO_PIC = NO;
				GCC_NO_COMMON_BLOCKS = YES;
				GCC_OPTIMIZATION_LEVEL = 0;
				GCC_PREPROCESSOR_DEFINITIONS = (
					"$(inherited)",
					"DEBUG=1",
				);
				GCC_WARN_64_TO_32_BIT_CONVERSION = YES;
				GCC_WARN_ABOUT_RETURN_TYPE = YES_ERROR;
				GCC_WARN_UNDECLARED_SELECTOR = YES;
				GCC_WARN_UNINITIALIZED_AUTOS = YES_AGGRESSIVE;
				GCC_WARN_UNUSED_FUNCTION = YES;
				GCC_WARN_UNUSED_VARIABLE = YES;
				MACOSX_DEPLOYMENT_TARGET = 14.0;
				MTL_ENABLE_DEBUG_INFO = INCLUDE_SOURCE;
				MTL_FAST_MATH = YES;
				ONLY_ACTIVE_ARCH = YES;
				PRODUCT_NAME = "$(TARGET_NAME)";
				SDKROOT = macosx;
				SWIFT_ACTIVE_COMPILATION_CONDITIONS = DEBUG;
				SWIFT_OPTIMIZATION_LEVEL = "-Onone";
				SWIFT_VERSION = 5.0;
			};
			name = Debug;
		};
/* End XCBuildConfiguration section */

/* Begin XCConfigurationList section */
		89EFCD6C2A9E62E7926E01C2 /* Build configuration list for PBXProject "ClipboardHistory" */ = {
			isa = XCConfigurationList;
			buildConfigurations = (
				EA334DFCBF95CBABFFAAADFB /* Debug */,
				42B8F8D112790E18D2995B41 /* Release */,
			);
			defaultConfigurationIsVisible = 0;
			defaultConfigurationName = Debug;
		};
		B678EA86E510B5416BFFD9A7 /* Build configuration list for PBXNativeTarget "ClipboardHistoryTests" */ = {
			isa = XCConfigurationList;
			buildConfigurations = (
				6F786E5A47FA41E84757F065 /* Debug */,
				578670C6DABFF5E74B71A1E7 /* Release */,
			);
			defaultConfigurationIsVisible = 0;
			defaultConfigurationName = Debug;
		};
		FF54D814B1669207EC95381A /* Build configuration list for PBXNativeTarget "ClipboardHistory" */ = {
			isa = XCConfigurationList;
			buildConfigurations = (
				4469A8D2F98B43F583D9E8A7 /* Debug */,
				5851C2D865E122ED490AFD80 /* Release */,
			);
			defaultConfigurationIsVisible = 0;
			defaultConfigurationName = Debug;
		};
/* End XCConfigurationList section */
	};
	rootObject = 38BA5C6BE7CFD6054B393BDE /* Project object */;
}
